// !$*UTF8*$!
{
	archiveVersion = 1;
	classes = {
	};
	objectVersion = 56;
	objects = {

/* Begin PBXBuildFile section */
		2D3B146B297643A200F4B664 /* SearchResponse.swift in Sources */ = {isa = PBXBuildFile; fileRef = 2D3B146A297643A200F4B664 /* SearchResponse.swift */; };
		2D3B1470297699F800F4B664 /* FloatingPanel in Frameworks */ = {isa = PBXBuildFile; productRef = 2D3B146F297699F800F4B664 /* FloatingPanel */; };
		2D3B147229769EE400F4B664 /* NewsHeaderView.swift in Sources */ = {isa = PBXBuildFile; fileRef = 2D3B147129769EE400F4B664 /* NewsHeaderView.swift */; };
		2D3B14742976A4BB00F4B664 /* NewsStory.swift in Sources */ = {isa = PBXBuildFile; fileRef = 2D3B14732976A4BB00F4B664 /* NewsStory.swift */; };
		2D3B14762976A6C000F4B664 /* DateFormatter+.swift in Sources */ = {isa = PBXBuildFile; fileRef = 2D3B14752976A6C000F4B664 /* DateFormatter+.swift */; };
		2D3B14782976A89E00F4B664 /* NewsStoryTableViewCell.swift in Sources */ = {isa = PBXBuildFile; fileRef = 2D3B14772976A89E00F4B664 /* NewsStoryTableViewCell.swift */; };
		2D3B147A2976AFA600F4B664 /* String+.swift in Sources */ = {isa = PBXBuildFile; fileRef = 2D3B14792976AFA600F4B664 /* String+.swift */; };
		2D3B147D2976B04000F4B664 /* SDWebImage in Frameworks */ = {isa = PBXBuildFile; productRef = 2D3B147C2976B04000F4B664 /* SDWebImage */; };
		2D8521ED29762D0E005592BE /* AppDelegate.swift in Sources */ = {isa = PBXBuildFile; fileRef = 2D8521EC29762D0E005592BE /* AppDelegate.swift */; };
		2D8521EF29762D0E005592BE /* SceneDelegate.swift in Sources */ = {isa = PBXBuildFile; fileRef = 2D8521EE29762D0E005592BE /* SceneDelegate.swift */; };
		2D8521F629762D10005592BE /* Assets.xcassets in Resources */ = {isa = PBXBuildFile; fileRef = 2D8521F529762D10005592BE /* Assets.xcassets */; };
		2D8521F929762D10005592BE /* LaunchScreen.storyboard in Resources */ = {isa = PBXBuildFile; fileRef = 2D8521F729762D10005592BE /* LaunchScreen.storyboard */; };
		2D85220629762E7F005592BE /* WatchListViewController.swift in Sources */ = {isa = PBXBuildFile; fileRef = 2D85220529762E7F005592BE /* WatchListViewController.swift */; };
		2D85220829762E99005592BE /* NewsViewController.swift in Sources */ = {isa = PBXBuildFile; fileRef = 2D85220729762E99005592BE /* NewsViewController.swift */; };
		2D85220A29762EA5005592BE /* SearchResultsViewController.swift in Sources */ = {isa = PBXBuildFile; fileRef = 2D85220929762EA5005592BE /* SearchResultsViewController.swift */; };
		2D85220C29762EB0005592BE /* StockDetailsViewController.swift in Sources */ = {isa = PBXBuildFile; fileRef = 2D85220B29762EB0005592BE /* StockDetailsViewController.swift */; };
		2D85220E29763014005592BE /* APICaller.swift in Sources */ = {isa = PBXBuildFile; fileRef = 2D85220D29763014005592BE /* APICaller.swift */; };
		2D8522102976302D005592BE /* PersistenceManager.swift in Sources */ = {isa = PBXBuildFile; fileRef = 2D85220F2976302D005592BE /* PersistenceManager.swift */; };
		2D8522122976303B005592BE /* HapticsManager.swift in Sources */ = {isa = PBXBuildFile; fileRef = 2D8522112976303B005592BE /* HapticsManager.swift */; };
		2D8522152976390D005592BE /* UIView+.swift in Sources */ = {isa = PBXBuildFile; fileRef = 2D8522142976390D005592BE /* UIView+.swift */; };
		2D85221729763B84005592BE /* SearchResultTableViewCell.swift in Sources */ = {isa = PBXBuildFile; fileRef = 2D85221629763B84005592BE /* SearchResultTableViewCell.swift */; };
/* End PBXBuildFile section */

/* Begin PBXFileReference section */
		2D3B146A297643A200F4B664 /* SearchResponse.swift */ = {isa = PBXFileReference; lastKnownFileType = sourcecode.swift; path = SearchResponse.swift; sourceTree = "<group>"; };
		2D3B147129769EE400F4B664 /* NewsHeaderView.swift */ = {isa = PBXFileReference; lastKnownFileType = sourcecode.swift; path = NewsHeaderView.swift; sourceTree = "<group>"; };
		2D3B14732976A4BB00F4B664 /* NewsStory.swift */ = {isa = PBXFileReference; lastKnownFileType = sourcecode.swift; path = NewsStory.swift; sourceTree = "<group>"; };
		2D3B14752976A6C000F4B664 /* DateFormatter+.swift */ = {isa = PBXFileReference; lastKnownFileType = sourcecode.swift; path = "DateFormatter+.swift"; sourceTree = "<group>"; };
		2D3B14772976A89E00F4B664 /* NewsStoryTableViewCell.swift */ = {isa = PBXFileReference; lastKnownFileType = sourcecode.swift; path = NewsStoryTableViewCell.swift; sourceTree = "<group>"; };
		2D3B14792976AFA600F4B664 /* String+.swift */ = {isa = PBXFileReference; lastKnownFileType = sourcecode.swift; path = "String+.swift"; sourceTree = "<group>"; };
		2D8521E929762D0E005592BE /* Stocks.app */ = {isa = PBXFileReference; explicitFileType = wrapper.application; includeInIndex = 0; path = Stocks.app; sourceTree = BUILT_PRODUCTS_DIR; };
		2D8521EC29762D0E005592BE /* AppDelegate.swift */ = {isa = PBXFileReference; lastKnownFileType = sourcecode.swift; path = AppDelegate.swift; sourceTree = "<group>"; };
		2D8521EE29762D0E005592BE /* SceneDelegate.swift */ = {isa = PBXFileReference; lastKnownFileType = sourcecode.swift; path = SceneDelegate.swift; sourceTree = "<group>"; };
		2D8521F529762D10005592BE /* Assets.xcassets */ = {isa = PBXFileReference; lastKnownFileType = folder.assetcatalog; path = Assets.xcassets; sourceTree = "<group>"; };
		2D8521F829762D10005592BE /* Base */ = {isa = PBXFileReference; lastKnownFileType = file.storyboard; name = Base; path = Base.lproj/LaunchScreen.storyboard; sourceTree = "<group>"; };
		2D8521FA29762D10005592BE /* Info.plist */ = {isa = PBXFileReference; lastKnownFileType = text.plist.xml; path = Info.plist; sourceTree = "<group>"; };
		2D85220529762E7F005592BE /* WatchListViewController.swift */ = {isa = PBXFileReference; lastKnownFileType = sourcecode.swift; path = WatchListViewController.swift; sourceTree = "<group>"; };
		2D85220729762E99005592BE /* NewsViewController.swift */ = {isa = PBXFileReference; lastKnownFileType = sourcecode.swift; path = NewsViewController.swift; sourceTree = "<group>"; };
		2D85220929762EA5005592BE /* SearchResultsViewController.swift */ = {isa = PBXFileReference; lastKnownFileType = sourcecode.swift; path = SearchResultsViewController.swift; sourceTree = "<group>"; };
		2D85220B29762EB0005592BE /* StockDetailsViewController.swift */ = {isa = PBXFileReference; lastKnownFileType = sourcecode.swift; path = StockDetailsViewController.swift; sourceTree = "<group>"; };
		2D85220D29763014005592BE /* APICaller.swift */ = {isa = PBXFileReference; lastKnownFileType = sourcecode.swift; path = APICaller.swift; sourceTree = "<group>"; };
		2D85220F2976302D005592BE /* PersistenceManager.swift */ = {isa = PBXFileReference; lastKnownFileType = sourcecode.swift; path = PersistenceManager.swift; sourceTree = "<group>"; };
		2D8522112976303B005592BE /* HapticsManager.swift */ = {isa = PBXFileReference; lastKnownFileType = sourcecode.swift; path = HapticsManager.swift; sourceTree = "<group>"; };
		2D8522142976390D005592BE /* UIView+.swift */ = {isa = PBXFileReference; lastKnownFileType = sourcecode.swift; path = "UIView+.swift"; sourceTree = "<group>"; };
		2D85221629763B84005592BE /* SearchResultTableViewCell.swift */ = {isa = PBXFileReference; lastKnownFileType = sourcecode.swift; path = SearchResultTableViewCell.swift; sourceTree = "<group>"; };
/* End PBXFileReference section */

/* Begin PBXFrameworksBuildPhase section */
		2D8521E629762D0E005592BE /* Frameworks */ = {
			isa = PBXFrameworksBuildPhase;
			buildActionMask = 2147483647;
			files = (
				2D3B147D2976B04000F4B664 /* SDWebImage in Frameworks */,
				2D3B1470297699F800F4B664 /* FloatingPanel in Frameworks */,
			);
			runOnlyForDeploymentPostprocessing = 0;
		};
/* End PBXFrameworksBuildPhase section */

/* Begin PBXGroup section */
		2D8521E029762D0E005592BE = {
			isa = PBXGroup;
			children = (
				2D8521EB29762D0E005592BE /* Stocks */,
				2D8521EA29762D0E005592BE /* Products */,
			);
			sourceTree = "<group>";
		};
		2D8521EA29762D0E005592BE /* Products */ = {
			isa = PBXGroup;
			children = (
				2D8521E929762D0E005592BE /* Stocks.app */,
			);
			name = Products;
			sourceTree = "<group>";
		};
		2D8521EB29762D0E005592BE /* Stocks */ = {
			isa = PBXGroup;
			children = (
				2D852213297638E8005592BE /* Extensions */,
				2D85220429762DFA005592BE /* Other */,
				2D85220329762DF0005592BE /* Managers */,
				2D85220229762DDE005592BE /* Controllers */,
				2D85220129762DD9005592BE /* Views */,
				2D85220029762DCD005592BE /* Models */,
				2D8521FA29762D10005592BE /* Info.plist */,
			);
			path = Stocks;
			sourceTree = "<group>";
		};
		2D85220029762DCD005592BE /* Models */ = {
			isa = PBXGroup;
			children = (
				2D3B146A297643A200F4B664 /* SearchResponse.swift */,
				2D3B14732976A4BB00F4B664 /* NewsStory.swift */,
			);
			path = Models;
			sourceTree = "<group>";
		};
		2D85220129762DD9005592BE /* Views */ = {
			isa = PBXGroup;
			children = (
				2D8521F729762D10005592BE /* LaunchScreen.storyboard */,
				2D85221629763B84005592BE /* SearchResultTableViewCell.swift */,
				2D3B147129769EE400F4B664 /* NewsHeaderView.swift */,
				2D3B14772976A89E00F4B664 /* NewsStoryTableViewCell.swift */,
			);
			path = Views;
			sourceTree = "<group>";
		};
		2D85220229762DDE005592BE /* Controllers */ = {
			isa = PBXGroup;
			children = (
				2D85220529762E7F005592BE /* WatchListViewController.swift */,
				2D85220729762E99005592BE /* NewsViewController.swift */,
				2D85220929762EA5005592BE /* SearchResultsViewController.swift */,
				2D85220B29762EB0005592BE /* StockDetailsViewController.swift */,
			);
			path = Controllers;
			sourceTree = "<group>";
		};
		2D85220329762DF0005592BE /* Managers */ = {
			isa = PBXGroup;
			children = (
				2D85220D29763014005592BE /* APICaller.swift */,
				2D85220F2976302D005592BE /* PersistenceManager.swift */,
				2D8522112976303B005592BE /* HapticsManager.swift */,
			);
			path = Managers;
			sourceTree = "<group>";
		};
		2D85220429762DFA005592BE /* Other */ = {
			isa = PBXGroup;
			children = (
				2D8521F529762D10005592BE /* Assets.xcassets */,
				2D8521EC29762D0E005592BE /* AppDelegate.swift */,
				2D8521EE29762D0E005592BE /* SceneDelegate.swift */,
			);
			path = Other;
			sourceTree = "<group>";
		};
		2D852213297638E8005592BE /* Extensions */ = {
			isa = PBXGroup;
			children = (
				2D8522142976390D005592BE /* UIView+.swift */,
				2D3B14752976A6C000F4B664 /* DateFormatter+.swift */,
				2D3B14792976AFA600F4B664 /* String+.swift */,
			);
			path = Extensions;
			sourceTree = "<group>";
		};
/* End PBXGroup section */

/* Begin PBXNativeTarget section */
		2D8521E829762D0E005592BE /* Stocks */ = {
			isa = PBXNativeTarget;
			buildConfigurationList = 2D8521FD29762D10005592BE /* Build configuration list for PBXNativeTarget "Stocks" */;
			buildPhases = (
				2D8521E529762D0E005592BE /* Sources */,
				2D8521E629762D0E005592BE /* Frameworks */,
				2D8521E729762D0E005592BE /* Resources */,
			);
			buildRules = (
			);
			dependencies = (
			);
			name = Stocks;
			packageProductDependencies = (
				2D3B146F297699F800F4B664 /* FloatingPanel */,
				2D3B147C2976B04000F4B664 /* SDWebImage */,
			);
			productName = Stocks;
			productReference = 2D8521E929762D0E005592BE /* Stocks.app */;
			productType = "com.apple.product-type.application";
		};
/* End PBXNativeTarget section */

/* Begin PBXProject section */
		2D8521E129762D0E005592BE /* Project object */ = {
			isa = PBXProject;
			attributes = {
				BuildIndependentTargetsInParallel = 1;
				LastSwiftUpdateCheck = 1420;
				LastUpgradeCheck = 1420;
				TargetAttributes = {
					2D8521E829762D0E005592BE = {
						CreatedOnToolsVersion = 14.2;
					};
				};
			};
			buildConfigurationList = 2D8521E429762D0E005592BE /* Build configuration list for PBXProject "Stocks" */;
			compatibilityVersion = "Xcode 14.0";
			developmentRegion = en;
			hasScannedForEncodings = 0;
			knownRegions = (
				en,
				Base,
			);
			mainGroup = 2D8521E029762D0E005592BE;
			packageReferences = (
				2D3B146E297699F800F4B664 /* XCRemoteSwiftPackageReference "FloatingPanel" */,
				2D3B147B2976B04000F4B664 /* XCRemoteSwiftPackageReference "SDWebImage" */,
			);
			productRefGroup = 2D8521EA29762D0E005592BE /* Products */;
			projectDirPath = "";
			projectRoot = "";
			targets = (
				2D8521E829762D0E005592BE /* Stocks */,
			);
		};
/* End PBXProject section */

/* Begin PBXResourcesBuildPhase section */
		2D8521E729762D0E005592BE /* Resources */ = {
			isa = PBXResourcesBuildPhase;
			buildActionMask = 2147483647;
			files = (
				2D8521F929762D10005592BE /* LaunchScreen.storyboard in Resources */,
				2D8521F629762D10005592BE /* Assets.xcassets in Resources */,
			);
			runOnlyForDeploymentPostprocessing = 0;
		};
/* End PBXResourcesBuildPhase section */

/* Begin PBXSourcesBuildPhase section */
		2D8521E529762D0E005592BE /* Sources */ = {
			isa = PBXSourcesBuildPhase;
			buildActionMask = 2147483647;
			files = (
				2D8522122976303B005592BE /* HapticsManager.swift in Sources */,
				2D85221729763B84005592BE /* SearchResultTableViewCell.swift in Sources */,
				2D85220C29762EB0005592BE /* StockDetailsViewController.swift in Sources */,
				2D8521ED29762D0E005592BE /* AppDelegate.swift in Sources */,
				2D85220829762E99005592BE /* NewsViewController.swift in Sources */,
				2D8522152976390D005592BE /* UIView+.swift in Sources */,
				2D3B14742976A4BB00F4B664 /* NewsStory.swift in Sources */,
				2D8522102976302D005592BE /* PersistenceManager.swift in Sources */,
				2D3B14782976A89E00F4B664 /* NewsStoryTableViewCell.swift in Sources */,
				2D85220E29763014005592BE /* APICaller.swift in Sources */,
				2D3B14762976A6C000F4B664 /* DateFormatter+.swift in Sources */,
				2D3B146B297643A200F4B664 /* SearchResponse.swift in Sources */,
				2D3B147229769EE400F4B664 /* NewsHeaderView.swift in Sources */,
				2D85220629762E7F005592BE /* WatchListViewController.swift in Sources */,
				2D3B147A2976AFA600F4B664 /* String+.swift in Sources */,
				2D8521EF29762D0E005592BE /* SceneDelegate.swift in Sources */,
				2D85220A29762EA5005592BE /* SearchResultsViewController.swift in Sources */,
			);
			runOnlyForDeploymentPostprocessing = 0;
		};
/* End PBXSourcesBuildPhase section */

/* Begin PBXVariantGroup section */
		2D8521F729762D10005592BE /* LaunchScreen.storyboard */ = {
			isa = PBXVariantGroup;
			children = (
				2D8521F829762D10005592BE /* Base */,
			);
			name = LaunchScreen.storyboard;
			sourceTree = "<group>";
		};
/* End PBXVariantGroup section */

/* Begin XCBuildConfiguration section */
		2D8521FB29762D10005592BE /* Debug */ = {
			isa = XCBuildConfiguration;
			buildSettings = {
				ALWAYS_SEARCH_USER_PATHS = NO;
				CLANG_ANALYZER_NONNULL = YES;
				CLANG_ANALYZER_NUMBER_OBJECT_CONVERSION = YES_AGGRESSIVE;
				CLANG_CXX_LANGUAGE_STANDARD = "gnu++20";
				CLANG_ENABLE_MODULES = YES;
				CLANG_ENABLE_OBJC_ARC = YES;
				CLANG_ENABLE_OBJC_WEAK = YES;
				CLANG_WARN_BLOCK_CAPTURE_AUTORELEASING = YES;
				CLANG_WARN_BOOL_CONVERSION = YES;
				CLANG_WARN_COMMA = YES;
				CLANG_WARN_CONSTANT_CONVERSION = YES;
				CLANG_WARN_DEPRECATED_OBJC_IMPLEMENTATIONS = YES;
				CLANG_WARN_DIRECT_OBJC_ISA_USAGE = YES_ERROR;
				CLANG_WARN_DOCUMENTATION_COMMENTS = YES;
				CLANG_WARN_EMPTY_BODY = YES;
				CLANG_WARN_ENUM_CONVERSION = YES;
				CLANG_WARN_INFINITE_RECURSION = YES;
				CLANG_WARN_INT_CONVERSION = YES;
				CLANG_WARN_NON_LITERAL_NULL_CONVERSION = YES;
				CLANG_WARN_OBJC_IMPLICIT_RETAIN_SELF = YES;
				CLANG_WARN_OBJC_LITERAL_CONVERSION = YES;
				CLANG_WARN_OBJC_ROOT_CLASS = YES_ERROR;
				CLANG_WARN_QUOTED_INCLUDE_IN_FRAMEWORK_HEADER = YES;
				CLANG_WARN_RANGE_LOOP_ANALYSIS = YES;
				CLANG_WARN_STRICT_PROTOTYPES = YES;
				CLANG_WARN_SUSPICIOUS_MOVE = YES;
				CLANG_WARN_UNGUARDED_AVAILABILITY = YES_AGGRESSIVE;
				CLANG_WARN_UNREACHABLE_CODE = YES;
				CLANG_WARN__DUPLICATE_METHOD_MATCH = YES;
				COPY_PHASE_STRIP = NO;
				DEBUG_INFORMATION_FORMAT = dwarf;
				ENABLE_STRICT_OBJC_MSGSEND = YES;
				ENABLE_TESTABILITY = YES;
				GCC_C_LANGUAGE_STANDARD = gnu11;
				GCC_DYNAMIC_NO_PIC = NO;
				GCC_NO_COMMON_BLOCKS = YES;
				GCC_OPTIMIZATION_LEVEL = 0;
				GCC_PREPROCESSOR_DEFINITIONS = (
					"DEBUG=1",
					"$(inherited)",
				);
				GCC_WARN_64_TO_32_BIT_CONVERSION = YES;
				GCC_WARN_ABOUT_RETURN_TYPE = YES_ERROR;
				GCC_WARN_UNDECLARED_SELECTOR = YES;
				GCC_WARN_UNINITIALIZED_AUTOS = YES_AGGRESSIVE;
				GCC_WARN_UNUSED_FUNCTION = YES;
				GCC_WARN_UNUSED_VARIABLE = YES;
				IPHONEOS_DEPLOYMENT_TARGET = 16.2;
				MTL_ENABLE_DEBUG_INFO = INCLUDE_SOURCE;
				MTL_FAST_MATH = YES;
				ONLY_ACTIVE_ARCH = YES;
				SDKROOT = iphoneos;
				SWIFT_ACTIVE_COMPILATION_CONDITIONS = DEBUG;
				SWIFT_OPTIMIZATION_LEVEL = "-Onone";
			};
			name = Debug;
		};
		2D8521FC29762D10005592BE /* Release */ = {
			isa = XCBuildConfiguration;
			buildSettings = {
				ALWAYS_SEARCH_USER_PATHS = NO;
				CLANG_ANALYZER_NONNULL = YES;
				CLANG_ANALYZER_NUMBER_OBJECT_CONVERSION = YES_AGGRESSIVE;
				CLANG_CXX_LANGUAGE_STANDARD = "gnu++20";
				CLANG_ENABLE_MODULES = YES;
				CLANG_ENABLE_OBJC_ARC = YES;
				CLANG_ENABLE_OBJC_WEAK = YES;
				CLANG_WARN_BLOCK_CAPTURE_AUTORELEASING = YES;
				CLANG_WARN_BOOL_CONVERSION = YES;
				CLANG_WARN_COMMA = YES;
				CLANG_WARN_CONSTANT_CONVERSION = YES;
				CLANG_WARN_DEPRECATED_OBJC_IMPLEMENTATIONS = YES;
				CLANG_WARN_DIRECT_OBJC_ISA_USAGE = YES_ERROR;
				CLANG_WARN_DOCUMENTATION_COMMENTS = YES;
				CLANG_WARN_EMPTY_BODY = YES;
				CLANG_WARN_ENUM_CONVERSION = YES;
				CLANG_WARN_INFINITE_RECURSION = YES;
				CLANG_WARN_INT_CONVERSION = YES;
				CLANG_WARN_NON_LITERAL_NULL_CONVERSION = YES;
				CLANG_WARN_OBJC_IMPLICIT_RETAIN_SELF = YES;
				CLANG_WARN_OBJC_LITERAL_CONVERSION = YES;
				CLANG_WARN_OBJC_ROOT_CLASS = YES_ERROR;
				CLANG_WARN_QUOTED_INCLUDE_IN_FRAMEWORK_HEADER = YES;
				CLANG_WARN_RANGE_LOOP_ANALYSIS = YES;
				CLANG_WARN_STRICT_PROTOTYPES = YES;
				CLANG_WARN_SUSPICIOUS_MOVE = YES;
				CLANG_WARN_UNGUARDED_AVAILABILITY = YES_AGGRESSIVE;
				CLANG_WARN_UNREACHABLE_CODE = YES;
				CLANG_WARN__DUPLICATE_METHOD_MATCH = YES;
				COPY_PHASE_STRIP = NO;
				DEBUG_INFORMATION_FORMAT = "dwarf-with-dsym";
				ENABLE_NS_ASSERTIONS = NO;
				ENABLE_STRICT_OBJC_MSGSEND = YES;
				GCC_C_LANGUAGE_STANDARD = gnu11;
				GCC_NO_COMMON_BLOCKS = YES;
				GCC_WARN_64_TO_32_BIT_CONVERSION = YES;
				GCC_WARN_ABOUT_RETURN_TYPE = YES_ERROR;
				GCC_WARN_UNDECLARED_SELECTOR = YES;
				GCC_WARN_UNINITIALIZED_AUTOS = YES_AGGRESSIVE;
				GCC_WARN_UNUSED_FUNCTION = YES;
				GCC_WARN_UNUSED_VARIABLE = YES;
				IPHONEOS_DEPLOYMENT_TARGET = 16.2;
				MTL_ENABLE_DEBUG_INFO = NO;
				MTL_FAST_MATH = YES;
				SDKROOT = iphoneos;
				SWIFT_COMPILATION_MODE = wholemodule;
				SWIFT_OPTIMIZATION_LEVEL = "-O";
				VALIDATE_PRODUCT = YES;
			};
			name = Release;
		};
		2D8521FE29762D10005592BE /* Debug */ = {
			isa = XCBuildConfiguration;
			buildSettings = {
				ASSETCATALOG_COMPILER_APPICON_NAME = AppIcon;
				ASSETCATALOG_COMPILER_GLOBAL_ACCENT_COLOR_NAME = AccentColor;
				CODE_SIGN_STYLE = Automatic;
				CURRENT_PROJECT_VERSION = 1;
				DEVELOPMENT_TEAM = HG8VJQPKXZ;
				GENERATE_INFOPLIST_FILE = YES;
				INFOPLIST_FILE = Stocks/Info.plist;
				INFOPLIST_KEY_UIApplicationSupportsIndirectInputEvents = YES;
				INFOPLIST_KEY_UILaunchStoryboardName = LaunchScreen;
				INFOPLIST_KEY_UISupportedInterfaceOrientations = UIInterfaceOrientationPortrait;
				INFOPLIST_KEY_UISupportedInterfaceOrientations_iPad = "UIInterfaceOrientationLandscapeLeft UIInterfaceOrientationLandscapeRight UIInterfaceOrientationPortrait UIInterfaceOrientationPortraitUpsideDown";
				LD_RUNPATH_SEARCH_PATHS = (
					"$(inherited)",
					"@executable_path/Frameworks",
				);
				MARKETING_VERSION = 1.0;
				PRODUCT_BUNDLE_IDENTIFIER = dev.nsemir.Stocks;
				PRODUCT_NAME = "$(TARGET_NAME)";
				SUPPORTED_PLATFORMS = "iphoneos iphonesimulator";
				SUPPORTS_MACCATALYST = NO;
				SUPPORTS_MAC_DESIGNED_FOR_IPHONE_IPAD = NO;
				SWIFT_EMIT_LOC_STRINGS = YES;
				SWIFT_VERSION = 5.0;
				TARGETED_DEVICE_FAMILY = 1;
			};
			name = Debug;
		};
		2D8521FF29762D10005592BE /* Release */ = {
			isa = XCBuildConfiguration;
			buildSettings = {
				ASSETCATALOG_COMPILER_APPICON_NAME = AppIcon;
				ASSETCATALOG_COMPILER_GLOBAL_ACCENT_COLOR_NAME = AccentColor;
				CODE_SIGN_STYLE = Automatic;
				CURRENT_PROJECT_VERSION = 1;
				DEVELOPMENT_TEAM = HG8VJQPKXZ;
				GENERATE_INFOPLIST_FILE = YES;
				INFOPLIST_FILE = Stocks/Info.plist;
				INFOPLIST_KEY_UIApplicationSupportsIndirectInputEvents = YES;
				INFOPLIST_KEY_UILaunchStoryboardName = LaunchScreen;
				INFOPLIST_KEY_UISupportedInterfaceOrientations = UIInterfaceOrientationPortrait;
				INFOPLIST_KEY_UISupportedInterfaceOrientations_iPad = "UIInterfaceOrientationLandscapeLeft UIInterfaceOrientationLandscapeRight UIInterfaceOrientationPortrait UIInterfaceOrientationPortraitUpsideDown";
				LD_RUNPATH_SEARCH_PATHS = (
					"$(inherited)",
					"@executable_path/Frameworks",
				);
				MARKETING_VERSION = 1.0;
				PRODUCT_BUNDLE_IDENTIFIER = dev.nsemir.Stocks;
				PRODUCT_NAME = "$(TARGET_NAME)";
				SUPPORTED_PLATFORMS = "iphoneos iphonesimulator";
				SUPPORTS_MACCATALYST = NO;
				SUPPORTS_MAC_DESIGNED_FOR_IPHONE_IPAD = NO;
				SWIFT_EMIT_LOC_STRINGS = YES;
				SWIFT_VERSION = 5.0;
				TARGETED_DEVICE_FAMILY = 1;
			};
			name = Release;
		};
/* End XCBuildConfiguration section */

/* Begin XCConfigurationList section */
		2D8521E429762D0E005592BE /* Build configuration list for PBXProject "Stocks" */ = {
			isa = XCConfigurationList;
			buildConfigurations = (
				2D8521FB29762D10005592BE /* Debug */,
				2D8521FC29762D10005592BE /* Release */,
			);
			defaultConfigurationIsVisible = 0;
			defaultConfigurationName = Release;
		};
		2D8521FD29762D10005592BE /* Build configuration list for PBXNativeTarget "Stocks" */ = {
			isa = XCConfigurationList;
			buildConfigurations = (
				2D8521FE29762D10005592BE /* Debug */,
				2D8521FF29762D10005592BE /* Release */,
			);
			defaultConfigurationIsVisible = 0;
			defaultConfigurationName = Release;
		};
/* End XCConfigurationList section */

/* Begin XCRemoteSwiftPackageReference section */
		2D3B146E297699F800F4B664 /* XCRemoteSwiftPackageReference "FloatingPanel" */ = {
			isa = XCRemoteSwiftPackageReference;
			repositoryURL = "https://github.com/scenee/FloatingPanel.git";
			requirement = {
				kind = upToNextMajorVersion;
				minimumVersion = 2.0.0;
			};
		};
		2D3B147B2976B04000F4B664 /* XCRemoteSwiftPackageReference "SDWebImage" */ = {
			isa = XCRemoteSwiftPackageReference;
			repositoryURL = "https://github.com/SDWebImage/SDWebImage.git";
			requirement = {
				kind = upToNextMajorVersion;
				minimumVersion = 5.0.0;
			};
		};
/* End XCRemoteSwiftPackageReference section */

/* Begin XCSwiftPackageProductDependency section */
		2D3B146F297699F800F4B664 /* FloatingPanel */ = {
			isa = XCSwiftPackageProductDependency;
			package = 2D3B146E297699F800F4B664 /* XCRemoteSwiftPackageReference "FloatingPanel" */;
			productName = FloatingPanel;
		};
		2D3B147C2976B04000F4B664 /* SDWebImage */ = {
			isa = XCSwiftPackageProductDependency;
			package = 2D3B147B2976B04000F4B664 /* XCRemoteSwiftPackageReference "SDWebImage" */;
			productName = SDWebImage;
		};
/* End XCSwiftPackageProductDependency section */
	};
	rootObject = 2D8521E129762D0E005592BE /* Project object */;
}
